
Microsoft Visual Studio Solution File, Format Version 12.00
# Visual Studio Version 16
VisualStudioVersion = 16.0.29519.181
MinimumVisualStudioVersion = 10.0.40219.1
Project("{FAE04EC0-301F-11D3-BF4B-00C04F79EFBC}") = "AntiForgeryRazorPagesExamples", "AntiForgeryRazorPagesExamples\AntiForgeryRazorPagesExamples.csproj", "{8D056D5B-6AA3-4F0F-B028-8BE388F57B3E}"
EndProject
Global
	GlobalSection(SolutionConfigurationPlatforms) = preSolution
		Debug|Any CPU = Debug|Any CPU
		Release|Any CPU = Release|Any CPU
	EndGlobalSection
	GlobalSection(ProjectConfigurationPlatforms) = postSolution
		{8D056D5B-6AA3-4F0F-B028-8BE388F57B3E}.Debug|Any CPU.ActiveCfg = Debug|Any CPU
		{8D056D5B-6AA3-4F0F-B028-8BE388F57B3E}.Debug|Any CPU.Build.0 = Debug|Any CPU
		{8D056D5B-6AA3-4F0F-B028-8BE388F57B3E}.Release|Any CPU.ActiveCfg = Release|Any CPU
		{8D056D5B-6AA3-4F0F-B028-8BE388F57B3E}.Release|Any CPU.Build.0 = Release|Any CPU
	EndGlobalSection
	GlobalSection(SolutionProperties) = preSolution
		HideSolutionNode = FALSE
	EndGlobalSection
	GlobalSection(ExtensibilityGlobals) = postSolution
		SolutionGuid = {7C42BB04-3FCD-4A4E-8E37-DFA5C8D2A906}
	EndGlobalSection
EndGlobal
